// !$*UTF8*$!
{
	archiveVersion = 1;
	classes = {
	};
	objectVersion = 77;
	objects = {

/* Begin PBXBuildFile section */
		9F30213030287BBA00578C9B /* ComposableArchitecture in Frameworks */ = {isa = PBXBuildFile; productRef = 9F30212F30287BBA00578C9B /* ComposableArchitecture */; };
		9F30213330287BCB00578C9B /* Alamofire in Frameworks */ = {isa = PBXBuildFile; productRef = 9F30213230287BCB00578C9B /* Alamofire */; };
		9F30213630287BE800578C9B /* SwiftyJSON in Frameworks */ = {isa = PBXBuildFile; productRef = 9F30213530287BE800578C9B /* SwiftyJSON */; };
/* End PBXBuildFile section */

/* Begin PBXContainerItemProxy section */
		9F3020AE30287AB400578C9B /* PBXContainerItemProxy */ = {
			isa = PBXContainerItemProxy;
			containerPortal = 9F30208F30287AB300578C9B /* Project object */;
			proxyType = 1;
			remoteGlobalIDString = 9F30209630287AB300578C9B;
			remoteInfo = "TmdbTCA-UIKit";
		};
		9F3020B830287AB400578C9B /* PBXContainerItemProxy */ = {
			isa = PBXContainerItemProxy;
			containerPortal = 9F30208F30287AB300578C9B /* Project object */;
			proxyType = 1;
			remoteGlobalIDString = 9F30209630287AB300578C9B;
			remoteInfo = "TmdbTCA-UIKit";
		};
/* End PBXContainerItemProxy section */

/* Begin PBXFileReference section */
		9F30209730287AB300578C9B /* TmdbTCA-UIKit.app */ = {isa = PBXFileReference; explicitFileType = wrapper.application; includeInIndex = 0; path = "TmdbTCA-UIKit.app"; sourceTree = BUILT_PRODUCTS_DIR; };
		9F3020AD30287AB400578C9B /* TmdbTCA-UIKitTests.xctest */ = {isa = PBXFileReference; explicitFileType = wrapper.cfbundle; includeInIndex = 0; path = "TmdbTCA-UIKitTests.xctest"; sourceTree = BUILT_PRODUCTS_DIR; };
		9F3020B730287AB400578C9B /* TmdbTCA-UIKitUITests.xctest */ = {isa = PBXFileReference; explicitFileType = wrapper.cfbundle; includeInIndex = 0; path = "TmdbTCA-UIKitUITests.xctest"; sourceTree = BUILT_PRODUCTS_DIR; };
/* End PBXFileReference section */

/* Begin PBXFileSystemSynchronizedBuildFileExceptionSet section */
		9F3020BF30287AB400578C9B /* Exceptions for "TmdbTCA-UIKit" folder in "TmdbTCA-UIKit" target */ = {
			isa = PBXFileSystemSynchronizedBuildFileExceptionSet;
			membershipExceptions = (
				app/Info.plist,
			);
			target = 9F30209630287AB300578C9B /* TmdbTCA-UIKit */;
		};
/* End PBXFileSystemSynchronizedBuildFileExceptionSet section */

/* Begin PBXFileSystemSynchronizedRootGroup section */
		9F30209930287AB300578C9B /* TmdbTCA-UIKit */ = {
			isa = PBXFileSystemSynchronizedRootGroup;
			exceptions = (
				9F3020BF30287AB400578C9B /* Exceptions for "TmdbTCA-UIKit" folder in "TmdbTCA-UIKit" target */,
			);
			path = "TmdbTCA-UIKit";
			sourceTree = "<group>";
		};
		9F3020B030287AB400578C9B /* TmdbTCA-UIKitTests */ = {
			isa = PBXFileSystemSynchronizedRootGroup;
			path = "TmdbTCA-UIKitTests";
			sourceTree = "<group>";
		};
		9F3020BA30287AB400578C9B /* TmdbTCA-UIKitUITests */ = {
			isa = PBXFileSystemSynchronizedRootGroup;
			path = "TmdbTCA-UIKitUITests";
			sourceTree = "<group>";
		};
/* End PBXFileSystemSynchronizedRootGroup section */

/* Begin PBXFrameworksBuildPhase section */
		9F30209430287AB300578C9B /* Frameworks */ = {
			isa = PBXFrameworksBuildPhase;
			buildActionMask = 2147483647;
			files = (
				9F30213630287BE800578C9B /* SwiftyJSON in Frameworks */,
				9F30213030287BBA00578C9B /* ComposableArchitecture in Frameworks */,
				9F30213330287BCB00578C9B /* Alamofire in Frameworks */,
			);
			runOnlyForDeploymentPostprocessing = 0;
		};
		9F3020AA30287AB400578C9B /* Frameworks */ = {
			isa = PBXFrameworksBuildPhase;
			buildActionMask = 2147483647;
			files = (
			);
			runOnlyForDeploymentPostprocessing = 0;
		};
		9F3020B430287AB400578C9B /* Frameworks */ = {
			isa = PBXFrameworksBuildPhase;
			buildActionMask = 2147483647;
			files = (
			);
			runOnlyForDeploymentPostprocessing = 0;
		};
/* End PBXFrameworksBuildPhase section */

/* Begin PBXGroup section */
		9F30208E30287AB300578C9B = {
			isa = PBXGroup;
			children = (
				9F30209930287AB300578C9B /* TmdbTCA-UIKit */,
				9F3020B030287AB400578C9B /* TmdbTCA-UIKitTests */,
				9F3020BA30287AB400578C9B /* TmdbTCA-UIKitUITests */,
				9F30209830287AB300578C9B /* Products */,
			);
			sourceTree = "<group>";
		};
		9F30209830287AB300578C9B /* Products */ = {
			isa = PBXGroup;
			children = (
				9F30209730287AB300578C9B /* TmdbTCA-UIKit.app */,
				9F3020AD30287AB400578C9B /* TmdbTCA-UIKitTests.xctest */,
				9F3020B730287AB400578C9B /* TmdbTCA-UIKitUITests.xctest */,
			);
			name = Products;
			sourceTree = "<group>";
		};
/* End PBXGroup section */

/* Begin PBXNativeTarget section */
		9F30209630287AB300578C9B /* TmdbTCA-UIKit */ = {
			isa = PBXNativeTarget;
			buildConfigurationList = 9F3020C030287AB400578C9B /* Build configuration list for PBXNativeTarget "TmdbTCA-UIKit" */;
			buildPhases = (
				9F30209330287AB300578C9B /* Sources */,
				9F30209430287AB300578C9B /* Frameworks */,
				9F30209530287AB300578C9B /* Resources */,
			);
			buildRules = (
			);
			dependencies = (
			);
			fileSystemSynchronizedGroups = (
				9F30209930287AB300578C9B /* TmdbTCA-UIKit */,
			);
			name = "TmdbTCA-UIKit";
			packageProductDependencies = (
				9F30212F30287BBA00578C9B /* ComposableArchitecture */,
				9F30213230287BCB00578C9B /* Alamofire */,
				9F30213530287BE800578C9B /* SwiftyJSON */,
			);
			productName = "TmdbTCA-UIKit";
			productReference = 9F30209730287AB300578C9B /* TmdbTCA-UIKit.app */;
			productType = "com.apple.product-type.application";
		};
		9F3020AC30287AB400578C9B /* TmdbTCA-UIKitTests */ = {
			isa = PBXNativeTarget;
			buildConfigurationList = 9F3020C530287AB400578C9B /* Build configuration list for PBXNativeTarget "TmdbTCA-UIKitTests" */;
			buildPhases = (
				9F3020A930287AB400578C9B /* Sources */,
				9F3020AA30287AB400578C9B /* Frameworks */,
				9F3020AB30287AB400578C9B /* Resources */,
			);
			buildRules = (
			);
			dependencies = (
				9F3020AF30287AB400578C9B /* PBXTargetDependency */,
			);
			fileSystemSynchronizedGroups = (
				9F3020B030287AB400578C9B /* TmdbTCA-UIKitTests */,
			);
			name = "TmdbTCA-UIKitTests";
			packageProductDependencies = (
			);
			productName = "TmdbTCA-UIKitTests";
			productReference = 9F3020AD30287AB400578C9B /* TmdbTCA-UIKitTests.xctest */;
			productType = "com.apple.product-type.bundle.unit-test";
		};
		9F3020B630287AB400578C9B /* TmdbTCA-UIKitUITests */ = {
			isa = PBXNativeTarget;
			buildConfigurationList = 9F3020C830287AB400578C9B /* Build configuration list for PBXNativeTarget "TmdbTCA-UIKitUITests" */;
			buildPhases = (
				9F3020B330287AB400578C9B /* Sources */,
				9F3020B430287AB400578C9B /* Frameworks */,
				9F3020B530287AB400578C9B /* Resources */,
			);
			buildRules = (
			);
			dependencies = (
				9F3020B930287AB400578C9B /* PBXTargetDependency */,
			);
			fileSystemSynchronizedGroups = (
				9F3020BA30287AB400578C9B /* TmdbTCA-UIKitUITests */,
			);
			name = "TmdbTCA-UIKitUITests";
			packageProductDependencies = (
			);
			productName = "TmdbTCA-UIKitUITests";
			productReference = 9F3020B730287AB400578C9B /* TmdbTCA-UIKitUITests.xctest */;
			productType = "com.apple.product-type.bundle.ui-testing";
		};
/* End PBXNativeTarget section */

/* Begin PBXProject section */
		9F30208F30287AB300578C9B /* Project object */ = {
			isa = PBXProject;
			attributes = {
				BuildIndependentTargetsInParallel = 1;
				LastSwiftUpdateCheck = 1640;
				LastUpgradeCheck = 1640;
				TargetAttributes = {
					9F30209630287AB300578C9B = {
						CreatedOnToolsVersion = 16.4;
					};
					9F3020AC30287AB400578C9B = {
						CreatedOnToolsVersion = 16.4;
						TestTargetID = 9F30209630287AB300578C9B;
					};
					9F3020B630287AB400578C9B = {
						CreatedOnToolsVersion = 16.4;
						TestTargetID = 9F30209630287AB300578C9B;
					};
				};
			};
			buildConfigurationList = 9F30209230287AB300578C9B /* Build configuration list for PBXProject "TmdbTCA-UIKit" */;
			developmentRegion = en;
			hasScannedForEncodings = 0;
			knownRegions = (
				en,
				Base,
			);
			mainGroup = 9F30208E30287AB300578C9B;
			minimizedProjectReferenceProxies = 1;
			packageReferences = (
				9F30212E30287BBA00578C9B /* XCRemoteSwiftPackageReference "swift-composable-architecture" */,
				9F30213130287BCB00578C9B /* XCRemoteSwiftPackageReference "Alamofire" */,
				9F30213430287BE800578C9B /* XCRemoteSwiftPackageReference "SwiftyJSON" */,
			);
			preferredProjectObjectVersion = 77;
			productRefGroup = 9F30209830287AB300578C9B /* Products */;
			projectDirPath = "";
			projectRoot = "";
			targets = (
				9F30209630287AB300578C9B /* TmdbTCA-UIKit */,
				9F3020AC30287AB400578C9B /* TmdbTCA-UIKitTests */,
				9F3020B630287AB400578C9B /* TmdbTCA-UIKitUITests */,
			);
		};
/* End PBXProject section */

/* Begin PBXResourcesBuildPhase section */
		9F30209530287AB300578C9B /* Resources */ = {
			isa = PBXResourcesBuildPhase;
			buildActionMask = 2147483647;
			files = (
			);
			runOnlyForDeploymentPostprocessing = 0;
		};
		9F3020AB30287AB400578C9B /* Resources */ = {
			isa = PBXResourcesBuildPhase;
			buildActionMask = 2147483647;
			files = (
			);
			runOnlyForDeploymentPostprocessing = 0;
		};
		9F3020B530287AB400578C9B /* Resources */ = {
			isa = PBXResourcesBuildPhase;
			buildActionMask = 2147483647;
			files = (
			);
			runOnlyForDeploymentPostprocessing = 0;
		};
/* End PBXResourcesBuildPhase section */

/* Begin PBXSourcesBuildPhase section */
		9F30209330287AB300578C9B /* Sources */ = {
			isa = PBXSourcesBuildPhase;
			buildActionMask = 2147483647;
			files = (
			);
			runOnlyForDeploymentPostprocessing = 0;
		};
		9F3020A930287AB400578C9B /* Sources */ = {
			isa = PBXSourcesBuildPhase;
			buildActionMask = 2147483647;
			files = (
			);
			runOnlyForDeploymentPostprocessing = 0;
		};
		9F3020B330287AB400578C9B /* Sources */ = {
			isa = PBXSourcesBuildPhase;
			buildActionMask = 2147483647;
			files = (
			);
			runOnlyForDeploymentPostprocessing = 0;
		};
/* End PBXSourcesBuildPhase section */

/* Begin PBXTargetDependency section */
		9F3020AF30287AB400578C9B /* PBXTargetDependency */ = {
			isa = PBXTargetDependency;
			target = 9F30209630287AB300578C9B /* TmdbTCA-UIKit */;
			targetProxy = 9F3020AE30287AB400578C9B /* PBXContainerItemProxy */;
		};
		9F3020B930287AB400578C9B /* PBXTargetDependency */ = {
			isa = PBXTargetDependency;
			target = 9F30209630287AB300578C9B /* TmdbTCA-UIKit */;
			targetProxy = 9F3020B830287AB400578C9B /* PBXContainerItemProxy */;
		};
/* End PBXTargetDependency section */

/* Begin XCBuildConfiguration section */
		9F3020C130287AB400578C9B /* Debug */ = {
			isa = XCBuildConfiguration;
			buildSettings = {
				ASSETCATALOG_COMPILER_APPICON_NAME = AppIcon;
				ASSETCATALOG_COMPILER_GLOBAL_ACCENT_COLOR_NAME = AccentColor;
				CODE_SIGN_STYLE = Automatic;
				CURRENT_PROJECT_VERSION = 1;
				GENERATE_INFOPLIST_FILE = YES;
				INFOPLIST_FILE = "TmdbTCA-UIKit/app/Info.plist";
				INFOPLIST_KEY_UIApplicationSupportsIndirectInputEvents = YES;
				INFOPLIST_KEY_UILaunchStoryboardName = LaunchScreen;
				INFOPLIST_KEY_UIMainStoryboardFile = "";
				INFOPLIST_KEY_UISupportedInterfaceOrientations_iPad = "UIInterfaceOrientationPortrait UIInterfaceOrientationPortraitUpsideDown UIInterfaceOrientationLandscapeLeft UIInterfaceOrientationLandscapeRight";
				INFOPLIST_KEY_UISupportedInterfaceOrientations_iPhone = "UIInterfaceOrientationPortrait UIInterfaceOrientationLandscapeLeft UIInterfaceOrientationLandscapeRight";
				LD_RUNPATH_SEARCH_PATHS = (
					"$(inherited)",
					"@executable_path/Frameworks",
				);
				MARKETING_VERSION = 1.0;
				PRODUCT_BUNDLE_IDENTIFIER = "com.dpfht.ios.TmdbTCA-UIKit";
				PRODUCT_NAME = "$(TARGET_NAME)";
				SWIFT_EMIT_LOC_STRINGS = YES;
				SWIFT_VERSION = 5.0;
				TARGETED_DEVICE_FAMILY = "1,2";
			};
			name = Debug;
		};
		9F3020C230287AB400578C9B /* Release */ = {
			isa = XCBuildConfiguration;
			buildSettings = {
				ASSETCATALOG_COMPILER_APPICON_NAME = AppIcon;
				ASSETCATALOG_COMPILER_GLOBAL_ACCENT_COLOR_NAME = AccentColor;
				CODE_SIGN_STYLE = Automatic;
				CURRENT_PROJECT_VERSION = 1;
				GENERATE_INFOPLIST_FILE = YES;
				INFOPLIST_FILE = "TmdbTCA-UIKit/app/Info.plist";
				INFOPLIST_KEY_UIApplicationSupportsIndirectInputEvents = YES;
				INFOPLIST_KEY_UILaunchStoryboardName = LaunchScreen;
				INFOPLIST_KEY_UIMainStoryboardFile = "";
				INFOPLIST_KEY_UISupportedInterfaceOrientations_iPad = "UIInterfaceOrientationPortrait UIInterfaceOrientationPortraitUpsideDown UIInterfaceOrientationLandscapeLeft UIInterfaceOrientationLandscapeRight";
				INFOPLIST_KEY_UISupportedInterfaceOrientations_iPhone = "UIInterfaceOrientationPortrait UIInterfaceOrientationLandscapeLeft UIInterfaceOrientationLandscapeRight";
				LD_RUNPATH_SEARCH_PATHS = (
					"$(inherited)",
					"@executable_path/Frameworks",
				);
				MARKETING_VERSION = 1.0;
				PRODUCT_BUNDLE_IDENTIFIER = "com.dpfht.ios.TmdbTCA-UIKit";
				PRODUCT_NAME = "$(TARGET_NAME)";
				SWIFT_EMIT_LOC_STRINGS = YES;
				SWIFT_VERSION = 5.0;
				TARGETED_DEVICE_FAMILY = "1,2";
			};
			name = Release;
		};
		9F3020C330287AB400578C9B /* Debug */ = {
			isa = XCBuildConfiguration;
			buildSettings = {
				ALWAYS_SEARCH_USER_PATHS = NO;
				ASSETCATALOG_COMPILER_GENERATE_SWIFT_ASSET_SYMBOL_EXTENSIONS = YES;
				CLANG_ANALYZER_NONNULL = YES;
				CLANG_ANALYZER_NUMBER_OBJECT_CONVERSION = YES_AGGRESSIVE;
				CLANG_CXX_LANGUAGE_STANDARD = "gnu++20";
				CLANG_ENABLE_MODULES = YES;
				CLANG_ENABLE_OBJC_ARC = YES;
				CLANG_ENABLE_OBJC_WEAK = YES;
				CLANG_WARN_BLOCK_CAPTURE_AUTORELEASING = YES;
				CLANG_WARN_BOOL_CONVERSION = YES;
				CLANG_WARN_COMMA = YES;
				CLANG_WARN_CONSTANT_CONVERSION = YES;
				CLANG_WARN_DEPRECATED_OBJC_IMPLEMENTATIONS = YES;
				CLANG_WARN_DIRECT_OBJC_ISA_USAGE = YES_ERROR;
				CLANG_WARN_DOCUMENTATION_COMMENTS = YES;
				CLANG_WARN_EMPTY_BODY = YES;
				CLANG_WARN_ENUM_CONVERSION = YES;
				CLANG_WARN_INFINITE_RECURSION = YES;
				CLANG_WARN_INT_CONVERSION = YES;
				CLANG_WARN_NON_LITERAL_NULL_CONVERSION = YES;
				CLANG_WARN_OBJC_IMPLICIT_RETAIN_SELF = YES;
				CLANG_WARN_OBJC_LITERAL_CONVERSION = YES;
				CLANG_WARN_OBJC_ROOT_CLASS = YES_ERROR;
				CLANG_WARN_QUOTED_INCLUDE_IN_FRAMEWORK_HEADER = YES;
				CLANG_WARN_RANGE_LOOP_ANALYSIS = YES;
				CLANG_WARN_STRICT_PROTOTYPES = YES;
				CLANG_WARN_SUSPICIOUS_MOVE = YES;
				CLANG_WARN_UNGUARDED_AVAILABILITY = YES_AGGRESSIVE;
				CLANG_WARN_UNREACHABLE_CODE = YES;
				CLANG_WARN__DUPLICATE_METHOD_MATCH = YES;
				COPY_PHASE_STRIP = NO;
				DEBUG_INFORMATION_FORMAT = dwarf;
				ENABLE_STRICT_OBJC_MSGSEND = YES;
				ENABLE_TESTABILITY = YES;
				ENABLE_USER_SCRIPT_SANDBOXING = YES;
				GCC_C_LANGUAGE_STANDARD = gnu17;
				GCC_DYNAMIC_NO_PIC = NO;
				GCC_NO_COMMON_BLOCKS = YES;
				GCC_OPTIMIZATION_LEVEL = 0;
				GCC_PREPROCESSOR_DEFINITIONS = (
					"DEBUG=1",
					"$(inherited)",
				);
				GCC_WARN_64_TO_32_BIT_CONVERSION = YES;
				GCC_WARN_ABOUT_RETURN_TYPE = YES_ERROR;
				GCC_WARN_UNDECLARED_SELECTOR = YES;
				GCC_WARN_UNINITIALIZED_AUTOS = YES_AGGRESSIVE;
				GCC_WARN_UNUSED_FUNCTION = YES;
				GCC_WARN_UNUSED_VARIABLE = YES;
				IPHONEOS_DEPLOYMENT_TARGET = 18.5;
				LOCALIZATION_PREFERS_STRING_CATALOGS = YES;
				MTL_ENABLE_DEBUG_INFO = INCLUDE_SOURCE;
				MTL_FAST_MATH = YES;
				ONLY_ACTIVE_ARCH = YES;
				SDKROOT = iphoneos;
				SWIFT_ACTIVE_COMPILATION_CONDITIONS = "DEBUG $(inherited)";
				SWIFT_OPTIMIZATION_LEVEL = "-Onone";
			};
			name = Debug;
		};
		9F3020C430287AB400578C9B /* Release */ = {
			isa = XCBuildConfiguration;
			buildSettings = {
				ALWAYS_SEARCH_USER_PATHS = NO;
				ASSETCATALOG_COMPILER_GENERATE_SWIFT_ASSET_SYMBOL_EXTENSIONS = YES;
				CLANG_ANALYZER_NONNULL = YES;
				CLANG_ANALYZER_NUMBER_OBJECT_CONVERSION = YES_AGGRESSIVE;
				CLANG_CXX_LANGUAGE_STANDARD = "gnu++20";
				CLANG_ENABLE_MODULES = YES;
				CLANG_ENABLE_OBJC_ARC = YES;
				CLANG_ENABLE_OBJC_WEAK = YES;
				CLANG_WARN_BLOCK_CAPTURE_AUTORELEASING = YES;
				CLANG_WARN_BOOL_CONVERSION = YES;
				CLANG_WARN_COMMA = YES;
				CLANG_WARN_CONSTANT_CONVERSION = YES;
				CLANG_WARN_DEPRECATED_OBJC_IMPLEMENTATIONS = YES;
				CLANG_WARN_DIRECT_OBJC_ISA_USAGE = YES_ERROR;
				CLANG_WARN_DOCUMENTATION_COMMENTS = YES;
				CLANG_WARN_EMPTY_BODY = YES;
				CLANG_WARN_ENUM_CONVERSION = YES;
				CLANG_WARN_INFINITE_RECURSION = YES;
				CLANG_WARN_INT_CONVERSION = YES;
				CLANG_WARN_NON_LITERAL_NULL_CONVERSION = YES;
				CLANG_WARN_OBJC_IMPLICIT_RETAIN_SELF = YES;
				CLANG_WARN_OBJC_LITERAL_CONVERSION = YES;
				CLANG_WARN_OBJC_ROOT_CLASS = YES_ERROR;
				CLANG_WARN_QUOTED_INCLUDE_IN_FRAMEWORK_HEADER = YES;
				CLANG_WARN_RANGE_LOOP_ANALYSIS = YES;
				CLANG_WARN_STRICT_PROTOTYPES = YES;
				CLANG_WARN_SUSPICIOUS_MOVE = YES;
				CLANG_WARN_UNGUARDED_AVAILABILITY = YES_AGGRESSIVE;
				CLANG_WARN_UNREACHABLE_CODE = YES;
				CLANG_WARN__DUPLICATE_METHOD_MATCH = YES;
				COPY_PHASE_STRIP = NO;
				DEBUG_INFORMATION_FORMAT = "dwarf-with-dsym";
				ENABLE_NS_ASSERTIONS = NO;
				ENABLE_STRICT_OBJC_MSGSEND = YES;
				ENABLE_USER_SCRIPT_SANDBOXING = YES;
				GCC_C_LANGUAGE_STANDARD = gnu17;
				GCC_NO_COMMON_BLOCKS = YES;
				GCC_WARN_64_TO_32_BIT_CONVERSION = YES;
				GCC_WARN_ABOUT_RETURN_TYPE = YES_ERROR;
				GCC_WARN_UNDECLARED_SELECTOR = YES;
				GCC_WARN_UNINITIALIZED_AUTOS = YES_AGGRESSIVE;
				GCC_WARN_UNUSED_FUNCTION = YES;
				GCC_WARN_UNUSED_VARIABLE = YES;
				IPHONEOS_DEPLOYMENT_TARGET = 18.5;
				LOCALIZATION_PREFERS_STRING_CATALOGS = YES;
				MTL_ENABLE_DEBUG_INFO = NO;
				MTL_FAST_MATH = YES;
				SDKROOT = iphoneos;
				SWIFT_COMPILATION_MODE = wholemodule;
				VALIDATE_PRODUCT = YES;
			};
			name = Release;
		};
		9F3020C630287AB400578C9B /* Debug */ = {
			isa = XCBuildConfiguration;
			buildSettings = {
				BUNDLE_LOADER = "$(TEST_HOST)";
				CODE_SIGN_STYLE = Automatic;
				CURRENT_PROJECT_VERSION = 1;
				GENERATE_INFOPLIST_FILE = YES;
				IPHONEOS_DEPLOYMENT_TARGET = 18.5;
				MARKETING_VERSION = 1.0;
				PRODUCT_BUNDLE_IDENTIFIER = "com.dpfht.ios.TmdbTCA-UIKitTests";
				PRODUCT_NAME = "$(TARGET_NAME)";
				SWIFT_EMIT_LOC_STRINGS = NO;
				SWIFT_VERSION = 5.0;
				TARGETED_DEVICE_FAMILY = "1,2";
				TEST_HOST = "$(BUILT_PRODUCTS_DIR)/TmdbTCA-UIKit.app/$(BUNDLE_EXECUTABLE_FOLDER_PATH)/TmdbTCA-UIKit";
			};
			name = Debug;
		};
		9F3020C730287AB400578C9B /* Release */ = {
			isa = XCBuildConfiguration;
			buildSettings = {
				BUNDLE_LOADER = "$(TEST_HOST)";
				CODE_SIGN_STYLE = Automatic;
				CURRENT_PROJECT_VERSION = 1;
				GENERATE_INFOPLIST_FILE = YES;
				IPHONEOS_DEPLOYMENT_TARGET = 18.5;
				MARKETING_VERSION = 1.0;
				PRODUCT_BUNDLE_IDENTIFIER = "com.dpfht.ios.TmdbTCA-UIKitTests";
				PRODUCT_NAME = "$(TARGET_NAME)";
				SWIFT_EMIT_LOC_STRINGS = NO;
				SWIFT_VERSION = 5.0;
				TARGETED_DEVICE_FAMILY = "1,2";
				TEST_HOST = "$(BUILT_PRODUCTS_DIR)/TmdbTCA-UIKit.app/$(BUNDLE_EXECUTABLE_FOLDER_PATH)/TmdbTCA-UIKit";
			};
			name = Release;
		};
		9F3020C930287AB400578C9B /* Debug */ = {
			isa = XCBuildConfiguration;
			buildSettings = {
				CODE_SIGN_STYLE = Automatic;
				CURRENT_PROJECT_VERSION = 1;
				GENERATE_INFOPLIST_FILE = YES;
				MARKETING_VERSION = 1.0;
				PRODUCT_BUNDLE_IDENTIFIER = "com.dpfht.ios.TmdbTCA-UIKitUITests";
				PRODUCT_NAME = "$(TARGET_NAME)";
				SWIFT_EMIT_LOC_STRINGS = NO;
				SWIFT_VERSION = 5.0;
				TARGETED_DEVICE_FAMILY = "1,2";
				TEST_TARGET_NAME = "TmdbTCA-UIKit";
			};
			name = Debug;
		};
		9F3020CA30287AB400578C9B /* Release */ = {
			isa = XCBuildConfiguration;
			buildSettings = {
				CODE_SIGN_STYLE = Automatic;
				CURRENT_PROJECT_VERSION = 1;
				GENERATE_INFOPLIST_FILE = YES;
				MARKETING_VERSION = 1.0;
				PRODUCT_BUNDLE_IDENTIFIER = "com.dpfht.ios.TmdbTCA-UIKitUITests";
				PRODUCT_NAME = "$(TARGET_NAME)";
				SWIFT_EMIT_LOC_STRINGS = NO;
				SWIFT_VERSION = 5.0;
				TARGETED_DEVICE_FAMILY = "1,2";
				TEST_TARGET_NAME = "TmdbTCA-UIKit";
			};
			name = Release;
		};
/* End XCBuildConfiguration section */

/* Begin XCConfigurationList section */
		9F30209230287AB300578C9B /* Build configuration list for PBXProject "TmdbTCA-UIKit" */ = {
			isa = XCConfigurationList;
			buildConfigurations = (
				9F3020C330287AB400578C9B /* Debug */,
				9F3020C430287AB400578C9B /* Release */,
			);
			defaultConfigurationIsVisible = 0;
			defaultConfigurationName = Release;
		};
		9F3020C030287AB400578C9B /* Build configuration list for PBXNativeTarget "TmdbTCA-UIKit" */ = {
			isa = XCConfigurationList;
			buildConfigurations = (
				9F3020C130287AB400578C9B /* Debug */,
				9F3020C230287AB400578C9B /* Release */,
			);
			defaultConfigurationIsVisible = 0;
			defaultConfigurationName = Release;
		};
		9F3020C530287AB400578C9B /* Build configuration list for PBXNativeTarget "TmdbTCA-UIKitTests" */ = {
			isa = XCConfigurationList;
			buildConfigurations = (
				9F3020C630287AB400578C9B /* Debug */,
				9F3020C730287AB400578C9B /* Release */,
			);
			defaultConfigurationIsVisible = 0;
			defaultConfigurationName = Release;
		};
		9F3020C830287AB400578C9B /* Build configuration list for PBXNativeTarget "TmdbTCA-UIKitUITests" */ = {
			isa = XCConfigurationList;
			buildConfigurations = (
				9F3020C930287AB400578C9B /* Debug */,
				9F3020CA30287AB400578C9B /* Release */,
			);
			defaultConfigurationIsVisible = 0;
			defaultConfigurationName = Release;
		};
/* End XCConfigurationList section */

/* Begin XCRemoteSwiftPackageReference section */
		9F30212E30287BBA00578C9B /* XCRemoteSwiftPackageReference "swift-composable-architecture" */ = {
			isa = XCRemoteSwiftPackageReference;
			repositoryURL = "https://github.com/pointfreeco/swift-composable-architecture";
			requirement = {
				kind = upToNextMajorVersion;
				minimumVersion = 1.26.1;
			};
		};
		9F30213130287BCB00578C9B /* XCRemoteSwiftPackageReference "Alamofire" */ = {
			isa = XCRemoteSwiftPackageReference;
			repositoryURL = "https://github.com/Alamofire/Alamofire.git";
			requirement = {
				kind = upToNextMajorVersion;
				minimumVersion = 5.12.0;
			};
		};
		9F30213430287BE800578C9B /* XCRemoteSwiftPackageReference "SwiftyJSON" */ = {
			isa = XCRemoteSwiftPackageReference;
			repositoryURL = "https://github.com/SwiftyJSON/SwiftyJSON.git";
			requirement = {
				kind = upToNextMajorVersion;
				minimumVersion = 5.0.2;
			};
		};
/* End XCRemoteSwiftPackageReference section */

/* Begin XCSwiftPackageProductDependency section */
		9F30212F30287BBA00578C9B /* ComposableArchitecture */ = {
			isa = XCSwiftPackageProductDependency;
			package = 9F30212E30287BBA00578C9B /* XCRemoteSwiftPackageReference "swift-composable-architecture" */;
			productName = ComposableArchitecture;
		};
		9F30213230287BCB00578C9B /* Alamofire */ = {
			isa = XCSwiftPackageProductDependency;
			package = 9F30213130287BCB00578C9B /* XCRemoteSwiftPackageReference "Alamofire" */;
			productName = Alamofire;
		};
		9F30213530287BE800578C9B /* SwiftyJSON */ = {
			isa = XCSwiftPackageProductDependency;
			package = 9F30213430287BE800578C9B /* XCRemoteSwiftPackageReference "SwiftyJSON" */;
			productName = SwiftyJSON;
		};
/* End XCSwiftPackageProductDependency section */
	};
	rootObject = 9F30208F30287AB300578C9B /* Project object */;
}
