// !$*UTF8*$!
{
	archiveVersion = 1;
	classes = {
	};
	objectVersion = 77;
	objects = {

/* Begin PBXBuildFile section */
		9F01A46B306A227E00A18A16 /* feature_genre.framework in Frameworks */ = {isa = PBXBuildFile; fileRef = 9F01A45F306A227E00A18A16 /* feature_genre.framework */; };
		9F01A488306A22C000A18A16 /* domain.framework in Frameworks */ = {isa = PBXBuildFile; fileRef = 9F01A487306A22C000A18A16 /* domain.framework */; };
		9F01A489306A22C000A18A16 /* domain.framework in Embed Frameworks */ = {isa = PBXBuildFile; fileRef = 9F01A487306A22C000A18A16 /* domain.framework */; settings = {ATTRIBUTES = (CodeSignOnCopy, RemoveHeadersOnCopy, ); }; };
		9F01A48C306A22C400A18A16 /* app_framework.framework in Frameworks */ = {isa = PBXBuildFile; fileRef = 9F01A48B306A22C400A18A16 /* app_framework.framework */; };
		9F01A48D306A22C400A18A16 /* app_framework.framework in Embed Frameworks */ = {isa = PBXBuildFile; fileRef = 9F01A48B306A22C400A18A16 /* app_framework.framework */; settings = {ATTRIBUTES = (CodeSignOnCopy, RemoveHeadersOnCopy, ); }; };
		9F01A490306A22D400A18A16 /* ComposableArchitecture in Frameworks */ = {isa = PBXBuildFile; productRef = 9F01A48F306A22D400A18A16 /* ComposableArchitecture */; };
		9F01A495306A23D300A18A16 /* Dependencies in Frameworks */ = {isa = PBXBuildFile; productRef = 9F01A494306A23D300A18A16 /* Dependencies */; };
		9F01A498306A240300A18A16 /* CasePaths in Frameworks */ = {isa = PBXBuildFile; productRef = 9F01A497306A240300A18A16 /* CasePaths */; };
/* End PBXBuildFile section */

/* Begin PBXContainerItemProxy section */
		9F01A46C306A227E00A18A16 /* PBXContainerItemProxy */ = {
			isa = PBXContainerItemProxy;
			containerPortal = 9F01A456306A227E00A18A16 /* Project object */;
			proxyType = 1;
			remoteGlobalIDString = 9F01A45E306A227E00A18A16;
			remoteInfo = feature_genre;
		};
/* End PBXContainerItemProxy section */

/* Begin PBXCopyFilesBuildPhase section */
		9F01A48A306A22C000A18A16 /* Embed Frameworks */ = {
			isa = PBXCopyFilesBuildPhase;
			buildActionMask = 2147483647;
			dstPath = "";
			dstSubfolderSpec = 10;
			files = (
				9F01A489306A22C000A18A16 /* domain.framework in Embed Frameworks */,
				9F01A48D306A22C400A18A16 /* app_framework.framework in Embed Frameworks */,
			);
			name = "Embed Frameworks";
			runOnlyForDeploymentPostprocessing = 0;
		};
/* End PBXCopyFilesBuildPhase section */

/* Begin PBXFileReference section */
		9F01A45F306A227E00A18A16 /* feature_genre.framework */ = {isa = PBXFileReference; explicitFileType = wrapper.framework; includeInIndex = 0; path = feature_genre.framework; sourceTree = BUILT_PRODUCTS_DIR; };
		9F01A46A306A227E00A18A16 /* feature_genreTests.xctest */ = {isa = PBXFileReference; explicitFileType = wrapper.cfbundle; includeInIndex = 0; path = feature_genreTests.xctest; sourceTree = BUILT_PRODUCTS_DIR; };
		9F01A487306A22C000A18A16 /* domain.framework */ = {isa = PBXFileReference; explicitFileType = wrapper.framework; path = domain.framework; sourceTree = BUILT_PRODUCTS_DIR; };
		9F01A48B306A22C400A18A16 /* app_framework.framework */ = {isa = PBXFileReference; explicitFileType = wrapper.framework; path = app_framework.framework; sourceTree = BUILT_PRODUCTS_DIR; };
/* End PBXFileReference section */

/* Begin PBXFileSystemSynchronizedRootGroup section */
		9F01A461306A227E00A18A16 /* feature_genre */ = {
			isa = PBXFileSystemSynchronizedRootGroup;
			path = feature_genre;
			sourceTree = "<group>";
		};
		9F01A46E306A227E00A18A16 /* feature_genreTests */ = {
			isa = PBXFileSystemSynchronizedRootGroup;
			path = feature_genreTests;
			sourceTree = "<group>";
		};
/* End PBXFileSystemSynchronizedRootGroup section */

/* Begin PBXFrameworksBuildPhase section */
		9F01A45C306A227E00A18A16 /* Frameworks */ = {
			isa = PBXFrameworksBuildPhase;
			buildActionMask = 2147483647;
			files = (
				9F01A498306A240300A18A16 /* CasePaths in Frameworks */,
				9F01A488306A22C000A18A16 /* domain.framework in Frameworks */,
				9F01A48C306A22C400A18A16 /* app_framework.framework in Frameworks */,
				9F01A490306A22D400A18A16 /* ComposableArchitecture in Frameworks */,
				9F01A495306A23D300A18A16 /* Dependencies in Frameworks */,
			);
			runOnlyForDeploymentPostprocessing = 0;
		};
		9F01A467306A227E00A18A16 /* Frameworks */ = {
			isa = PBXFrameworksBuildPhase;
			buildActionMask = 2147483647;
			files = (
				9F01A46B306A227E00A18A16 /* feature_genre.framework in Frameworks */,
			);
			runOnlyForDeploymentPostprocessing = 0;
		};
/* End PBXFrameworksBuildPhase section */

/* Begin PBXGroup section */
		9F01A455306A227E00A18A16 = {
			isa = PBXGroup;
			children = (
				9F01A461306A227E00A18A16 /* feature_genre */,
				9F01A46E306A227E00A18A16 /* feature_genreTests */,
				9F01A486306A22C000A18A16 /* Frameworks */,
				9F01A460306A227E00A18A16 /* Products */,
			);
			sourceTree = "<group>";
		};
		9F01A460306A227E00A18A16 /* Products */ = {
			isa = PBXGroup;
			children = (
				9F01A45F306A227E00A18A16 /* feature_genre.framework */,
				9F01A46A306A227E00A18A16 /* feature_genreTests.xctest */,
			);
			name = Products;
			sourceTree = "<group>";
		};
		9F01A486306A22C000A18A16 /* Frameworks */ = {
			isa = PBXGroup;
			children = (
				9F01A48B306A22C400A18A16 /* app_framework.framework */,
				9F01A487306A22C000A18A16 /* domain.framework */,
			);
			name = Frameworks;
			sourceTree = "<group>";
		};
/* End PBXGroup section */

/* Begin PBXHeadersBuildPhase section */
		9F01A45A306A227E00A18A16 /* Headers */ = {
			isa = PBXHeadersBuildPhase;
			buildActionMask = 2147483647;
			files = (
			);
			runOnlyForDeploymentPostprocessing = 0;
		};
/* End PBXHeadersBuildPhase section */

/* Begin PBXNativeTarget section */
		9F01A45E306A227E00A18A16 /* feature_genre */ = {
			isa = PBXNativeTarget;
			buildConfigurationList = 9F01A473306A227E00A18A16 /* Build configuration list for PBXNativeTarget "feature_genre" */;
			buildPhases = (
				9F01A45A306A227E00A18A16 /* Headers */,
				9F01A45B306A227E00A18A16 /* Sources */,
				9F01A45C306A227E00A18A16 /* Frameworks */,
				9F01A45D306A227E00A18A16 /* Resources */,
				9F01A48A306A22C000A18A16 /* Embed Frameworks */,
			);
			buildRules = (
			);
			dependencies = (
			);
			fileSystemSynchronizedGroups = (
				9F01A461306A227E00A18A16 /* feature_genre */,
			);
			name = feature_genre;
			packageProductDependencies = (
				9F01A48F306A22D400A18A16 /* ComposableArchitecture */,
				9F01A494306A23D300A18A16 /* Dependencies */,
				9F01A497306A240300A18A16 /* CasePaths */,
			);
			productName = feature_genre;
			productReference = 9F01A45F306A227E00A18A16 /* feature_genre.framework */;
			productType = "com.apple.product-type.framework";
		};
		9F01A469306A227E00A18A16 /* feature_genreTests */ = {
			isa = PBXNativeTarget;
			buildConfigurationList = 9F01A476306A227E00A18A16 /* Build configuration list for PBXNativeTarget "feature_genreTests" */;
			buildPhases = (
				9F01A466306A227E00A18A16 /* Sources */,
				9F01A467306A227E00A18A16 /* Frameworks */,
				9F01A468306A227E00A18A16 /* Resources */,
			);
			buildRules = (
			);
			dependencies = (
				9F01A46D306A227E00A18A16 /* PBXTargetDependency */,
			);
			fileSystemSynchronizedGroups = (
				9F01A46E306A227E00A18A16 /* feature_genreTests */,
			);
			name = feature_genreTests;
			packageProductDependencies = (
			);
			productName = feature_genreTests;
			productReference = 9F01A46A306A227E00A18A16 /* feature_genreTests.xctest */;
			productType = "com.apple.product-type.bundle.unit-test";
		};
/* End PBXNativeTarget section */

/* Begin PBXProject section */
		9F01A456306A227E00A18A16 /* Project object */ = {
			isa = PBXProject;
			attributes = {
				BuildIndependentTargetsInParallel = 1;
				LastSwiftUpdateCheck = 1640;
				LastUpgradeCheck = 1640;
				TargetAttributes = {
					9F01A45E306A227E00A18A16 = {
						CreatedOnToolsVersion = 16.4;
					};
					9F01A469306A227E00A18A16 = {
						CreatedOnToolsVersion = 16.4;
					};
				};
			};
			buildConfigurationList = 9F01A459306A227E00A18A16 /* Build configuration list for PBXProject "feature_genre" */;
			developmentRegion = en;
			hasScannedForEncodings = 0;
			knownRegions = (
				en,
				Base,
			);
			mainGroup = 9F01A455306A227E00A18A16;
			minimizedProjectReferenceProxies = 1;
			packageReferences = (
				9F01A48E306A22D400A18A16 /* XCRemoteSwiftPackageReference "swift-composable-architecture" */,
				9F01A493306A23D300A18A16 /* XCRemoteSwiftPackageReference "swift-dependencies" */,
				9F01A496306A240300A18A16 /* XCRemoteSwiftPackageReference "swift-case-paths" */,
			);
			preferredProjectObjectVersion = 77;
			productRefGroup = 9F01A460306A227E00A18A16 /* Products */;
			projectDirPath = "";
			projectRoot = "";
			targets = (
				9F01A45E306A227E00A18A16 /* feature_genre */,
				9F01A469306A227E00A18A16 /* feature_genreTests */,
			);
		};
/* End PBXProject section */

/* Begin PBXResourcesBuildPhase section */
		9F01A45D306A227E00A18A16 /* Resources */ = {
			isa = PBXResourcesBuildPhase;
			buildActionMask = 2147483647;
			files = (
			);
			runOnlyForDeploymentPostprocessing = 0;
		};
		9F01A468306A227E00A18A16 /* Resources */ = {
			isa = PBXResourcesBuildPhase;
			buildActionMask = 2147483647;
			files = (
			);
			runOnlyForDeploymentPostprocessing = 0;
		};
/* End PBXResourcesBuildPhase section */

/* Begin PBXSourcesBuildPhase section */
		9F01A45B306A227E00A18A16 /* Sources */ = {
			isa = PBXSourcesBuildPhase;
			buildActionMask = 2147483647;
			files = (
			);
			runOnlyForDeploymentPostprocessing = 0;
		};
		9F01A466306A227E00A18A16 /* Sources */ = {
			isa = PBXSourcesBuildPhase;
			buildActionMask = 2147483647;
			files = (
			);
			runOnlyForDeploymentPostprocessing = 0;
		};
/* End PBXSourcesBuildPhase section */

/* Begin PBXTargetDependency section */
		9F01A46D306A227E00A18A16 /* PBXTargetDependency */ = {
			isa = PBXTargetDependency;
			target = 9F01A45E306A227E00A18A16 /* feature_genre */;
			targetProxy = 9F01A46C306A227E00A18A16 /* PBXContainerItemProxy */;
		};
/* End PBXTargetDependency section */

/* Begin XCBuildConfiguration section */
		9F01A471306A227E00A18A16 /* Debug */ = {
			isa = XCBuildConfiguration;
			buildSettings = {
				ALWAYS_SEARCH_USER_PATHS = NO;
				ASSETCATALOG_COMPILER_GENERATE_SWIFT_ASSET_SYMBOL_EXTENSIONS = YES;
				CLANG_ANALYZER_NONNULL = YES;
				CLANG_ANALYZER_NUMBER_OBJECT_CONVERSION = YES_AGGRESSIVE;
				CLANG_CXX_LANGUAGE_STANDARD = "gnu++20";
				CLANG_ENABLE_MODULES = YES;
				CLANG_ENABLE_OBJC_ARC = YES;
				CLANG_ENABLE_OBJC_WEAK = YES;
				CLANG_WARN_BLOCK_CAPTURE_AUTORELEASING = YES;
				CLANG_WARN_BOOL_CONVERSION = YES;
				CLANG_WARN_COMMA = YES;
				CLANG_WARN_CONSTANT_CONVERSION = YES;
				CLANG_WARN_DEPRECATED_OBJC_IMPLEMENTATIONS = YES;
				CLANG_WARN_DIRECT_OBJC_ISA_USAGE = YES_ERROR;
				CLANG_WARN_DOCUMENTATION_COMMENTS = YES;
				CLANG_WARN_EMPTY_BODY = YES;
				CLANG_WARN_ENUM_CONVERSION = YES;
				CLANG_WARN_INFINITE_RECURSION = YES;
				CLANG_WARN_INT_CONVERSION = YES;
				CLANG_WARN_NON_LITERAL_NULL_CONVERSION = YES;
				CLANG_WARN_OBJC_IMPLICIT_RETAIN_SELF = YES;
				CLANG_WARN_OBJC_LITERAL_CONVERSION = YES;
				CLANG_WARN_OBJC_ROOT_CLASS = YES_ERROR;
				CLANG_WARN_QUOTED_INCLUDE_IN_FRAMEWORK_HEADER = YES;
				CLANG_WARN_RANGE_LOOP_ANALYSIS = YES;
				CLANG_WARN_STRICT_PROTOTYPES = YES;
				CLANG_WARN_SUSPICIOUS_MOVE = YES;
				CLANG_WARN_UNGUARDED_AVAILABILITY = YES_AGGRESSIVE;
				CLANG_WARN_UNREACHABLE_CODE = YES;
				CLANG_WARN__DUPLICATE_METHOD_MATCH = YES;
				COPY_PHASE_STRIP = NO;
				CURRENT_PROJECT_VERSION = 1;
				DEBUG_INFORMATION_FORMAT = dwarf;
				ENABLE_STRICT_OBJC_MSGSEND = YES;
				ENABLE_TESTABILITY = YES;
				ENABLE_USER_SCRIPT_SANDBOXING = YES;
				GCC_C_LANGUAGE_STANDARD = gnu17;
				GCC_DYNAMIC_NO_PIC = NO;
				GCC_NO_COMMON_BLOCKS = YES;
				GCC_OPTIMIZATION_LEVEL = 0;
				GCC_PREPROCESSOR_DEFINITIONS = (
					"DEBUG=1",
					"$(inherited)",
				);
				GCC_WARN_64_TO_32_BIT_CONVERSION = YES;
				GCC_WARN_ABOUT_RETURN_TYPE = YES_ERROR;
				GCC_WARN_UNDECLARED_SELECTOR = YES;
				GCC_WARN_UNINITIALIZED_AUTOS = YES_AGGRESSIVE;
				GCC_WARN_UNUSED_FUNCTION = YES;
				GCC_WARN_UNUSED_VARIABLE = YES;
				IPHONEOS_DEPLOYMENT_TARGET = 18.5;
				LOCALIZATION_PREFERS_STRING_CATALOGS = YES;
				MTL_ENABLE_DEBUG_INFO = INCLUDE_SOURCE;
				MTL_FAST_MATH = YES;
				ONLY_ACTIVE_ARCH = YES;
				SDKROOT = iphoneos;
				SWIFT_ACTIVE_COMPILATION_CONDITIONS = "DEBUG $(inherited)";
				SWIFT_OPTIMIZATION_LEVEL = "-Onone";
				VERSIONING_SYSTEM = "apple-generic";
				VERSION_INFO_PREFIX = "";
			};
			name = Debug;
		};
		9F01A472306A227E00A18A16 /* Release */ = {
			isa = XCBuildConfiguration;
			buildSettings = {
				ALWAYS_SEARCH_USER_PATHS = NO;
				ASSETCATALOG_COMPILER_GENERATE_SWIFT_ASSET_SYMBOL_EXTENSIONS = YES;
				CLANG_ANALYZER_NONNULL = YES;
				CLANG_ANALYZER_NUMBER_OBJECT_CONVERSION = YES_AGGRESSIVE;
				CLANG_CXX_LANGUAGE_STANDARD = "gnu++20";
				CLANG_ENABLE_MODULES = YES;
				CLANG_ENABLE_OBJC_ARC = YES;
				CLANG_ENABLE_OBJC_WEAK = YES;
				CLANG_WARN_BLOCK_CAPTURE_AUTORELEASING = YES;
				CLANG_WARN_BOOL_CONVERSION = YES;
				CLANG_WARN_COMMA = YES;
				CLANG_WARN_CONSTANT_CONVERSION = YES;
				CLANG_WARN_DEPRECATED_OBJC_IMPLEMENTATIONS = YES;
				CLANG_WARN_DIRECT_OBJC_ISA_USAGE = YES_ERROR;
				CLANG_WARN_DOCUMENTATION_COMMENTS = YES;
				CLANG_WARN_EMPTY_BODY = YES;
				CLANG_WARN_ENUM_CONVERSION = YES;
				CLANG_WARN_INFINITE_RECURSION = YES;
				CLANG_WARN_INT_CONVERSION = YES;
				CLANG_WARN_NON_LITERAL_NULL_CONVERSION = YES;
				CLANG_WARN_OBJC_IMPLICIT_RETAIN_SELF = YES;
				CLANG_WARN_OBJC_LITERAL_CONVERSION = YES;
				CLANG_WARN_OBJC_ROOT_CLASS = YES_ERROR;
				CLANG_WARN_QUOTED_INCLUDE_IN_FRAMEWORK_HEADER = YES;
				CLANG_WARN_RANGE_LOOP_ANALYSIS = YES;
				CLANG_WARN_STRICT_PROTOTYPES = YES;
				CLANG_WARN_SUSPICIOUS_MOVE = YES;
				CLANG_WARN_UNGUARDED_AVAILABILITY = YES_AGGRESSIVE;
				CLANG_WARN_UNREACHABLE_CODE = YES;
				CLANG_WARN__DUPLICATE_METHOD_MATCH = YES;
				COPY_PHASE_STRIP = NO;
				CURRENT_PROJECT_VERSION = 1;
				DEBUG_INFORMATION_FORMAT = "dwarf-with-dsym";
				ENABLE_NS_ASSERTIONS = NO;
				ENABLE_STRICT_OBJC_MSGSEND = YES;
				ENABLE_USER_SCRIPT_SANDBOXING = YES;
				GCC_C_LANGUAGE_STANDARD = gnu17;
				GCC_NO_COMMON_BLOCKS = YES;
				GCC_WARN_64_TO_32_BIT_CONVERSION = YES;
				GCC_WARN_ABOUT_RETURN_TYPE = YES_ERROR;
				GCC_WARN_UNDECLARED_SELECTOR = YES;
				GCC_WARN_UNINITIALIZED_AUTOS = YES_AGGRESSIVE;
				GCC_WARN_UNUSED_FUNCTION = YES;
				GCC_WARN_UNUSED_VARIABLE = YES;
				IPHONEOS_DEPLOYMENT_TARGET = 18.5;
				LOCALIZATION_PREFERS_STRING_CATALOGS = YES;
				MTL_ENABLE_DEBUG_INFO = NO;
				MTL_FAST_MATH = YES;
				SDKROOT = iphoneos;
				SWIFT_COMPILATION_MODE = wholemodule;
				VALIDATE_PRODUCT = YES;
				VERSIONING_SYSTEM = "apple-generic";
				VERSION_INFO_PREFIX = "";
			};
			name = Release;
		};
		9F01A474306A227E00A18A16 /* Debug */ = {
			isa = XCBuildConfiguration;
			buildSettings = {
				BUILD_LIBRARY_FOR_DISTRIBUTION = YES;
				CODE_SIGN_STYLE = Automatic;
				CURRENT_PROJECT_VERSION = 1;
				DYLIB_COMPATIBILITY_VERSION = 1;
				DYLIB_CURRENT_VERSION = 1;
				DYLIB_INSTALL_NAME_BASE = "@rpath";
				ENABLE_MODULE_VERIFIER = YES;
				GENERATE_INFOPLIST_FILE = YES;
				INFOPLIST_KEY_NSHumanReadableCopyright = "";
				INSTALL_PATH = "$(LOCAL_LIBRARY_DIR)/Frameworks";
				LD_RUNPATH_SEARCH_PATHS = (
					"$(inherited)",
					"@executable_path/Frameworks",
					"@loader_path/Frameworks",
				);
				MARKETING_VERSION = 1.0;
				MODULE_VERIFIER_SUPPORTED_LANGUAGES = "objective-c objective-c++";
				MODULE_VERIFIER_SUPPORTED_LANGUAGE_STANDARDS = "gnu17 gnu++20";
				PRODUCT_BUNDLE_IDENTIFIER = "com.dpfht.ios.TmdbTCA-UIKit.feature-genre";
				PRODUCT_NAME = "$(TARGET_NAME:c99extidentifier)";
				SKIP_INSTALL = YES;
				SWIFT_EMIT_LOC_STRINGS = YES;
				SWIFT_INSTALL_MODULE = YES;
				SWIFT_INSTALL_OBJC_HEADER = NO;
				SWIFT_VERSION = 5.0;
				TARGETED_DEVICE_FAMILY = "1,2";
			};
			name = Debug;
		};
		9F01A475306A227E00A18A16 /* Release */ = {
			isa = XCBuildConfiguration;
			buildSettings = {
				BUILD_LIBRARY_FOR_DISTRIBUTION = YES;
				CODE_SIGN_STYLE = Automatic;
				CURRENT_PROJECT_VERSION = 1;
				DYLIB_COMPATIBILITY_VERSION = 1;
				DYLIB_CURRENT_VERSION = 1;
				DYLIB_INSTALL_NAME_BASE = "@rpath";
				ENABLE_MODULE_VERIFIER = YES;
				GENERATE_INFOPLIST_FILE = YES;
				INFOPLIST_KEY_NSHumanReadableCopyright = "";
				INSTALL_PATH = "$(LOCAL_LIBRARY_DIR)/Frameworks";
				LD_RUNPATH_SEARCH_PATHS = (
					"$(inherited)",
					"@executable_path/Frameworks",
					"@loader_path/Frameworks",
				);
				MARKETING_VERSION = 1.0;
				MODULE_VERIFIER_SUPPORTED_LANGUAGES = "objective-c objective-c++";
				MODULE_VERIFIER_SUPPORTED_LANGUAGE_STANDARDS = "gnu17 gnu++20";
				PRODUCT_BUNDLE_IDENTIFIER = "com.dpfht.ios.TmdbTCA-UIKit.feature-genre";
				PRODUCT_NAME = "$(TARGET_NAME:c99extidentifier)";
				SKIP_INSTALL = YES;
				SWIFT_EMIT_LOC_STRINGS = YES;
				SWIFT_INSTALL_MODULE = YES;
				SWIFT_INSTALL_OBJC_HEADER = NO;
				SWIFT_VERSION = 5.0;
				TARGETED_DEVICE_FAMILY = "1,2";
			};
			name = Release;
		};
		9F01A477306A227E00A18A16 /* Debug */ = {
			isa = XCBuildConfiguration;
			buildSettings = {
				CODE_SIGN_STYLE = Automatic;
				CURRENT_PROJECT_VERSION = 1;
				GENERATE_INFOPLIST_FILE = YES;
				MARKETING_VERSION = 1.0;
				PRODUCT_BUNDLE_IDENTIFIER = "com.dpfht.ios.TmdbTCA-UIKit.feature-genreTests";
				PRODUCT_NAME = "$(TARGET_NAME)";
				SWIFT_EMIT_LOC_STRINGS = NO;
				SWIFT_VERSION = 5.0;
				TARGETED_DEVICE_FAMILY = "1,2";
			};
			name = Debug;
		};
		9F01A478306A227E00A18A16 /* Release */ = {
			isa = XCBuildConfiguration;
			buildSettings = {
				CODE_SIGN_STYLE = Automatic;
				CURRENT_PROJECT_VERSION = 1;
				GENERATE_INFOPLIST_FILE = YES;
				MARKETING_VERSION = 1.0;
				PRODUCT_BUNDLE_IDENTIFIER = "com.dpfht.ios.TmdbTCA-UIKit.feature-genreTests";
				PRODUCT_NAME = "$(TARGET_NAME)";
				SWIFT_EMIT_LOC_STRINGS = NO;
				SWIFT_VERSION = 5.0;
				TARGETED_DEVICE_FAMILY = "1,2";
			};
			name = Release;
		};
/* End XCBuildConfiguration section */

/* Begin XCConfigurationList section */
		9F01A459306A227E00A18A16 /* Build configuration list for PBXProject "feature_genre" */ = {
			isa = XCConfigurationList;
			buildConfigurations = (
				9F01A471306A227E00A18A16 /* Debug */,
				9F01A472306A227E00A18A16 /* Release */,
			);
			defaultConfigurationIsVisible = 0;
			defaultConfigurationName = Release;
		};
		9F01A473306A227E00A18A16 /* Build configuration list for PBXNativeTarget "feature_genre" */ = {
			isa = XCConfigurationList;
			buildConfigurations = (
				9F01A474306A227E00A18A16 /* Debug */,
				9F01A475306A227E00A18A16 /* Release */,
			);
			defaultConfigurationIsVisible = 0;
			defaultConfigurationName = Release;
		};
		9F01A476306A227E00A18A16 /* Build configuration list for PBXNativeTarget "feature_genreTests" */ = {
			isa = XCConfigurationList;
			buildConfigurations = (
				9F01A477306A227E00A18A16 /* Debug */,
				9F01A478306A227E00A18A16 /* Release */,
			);
			defaultConfigurationIsVisible = 0;
			defaultConfigurationName = Release;
		};
/* End XCConfigurationList section */

/* Begin XCRemoteSwiftPackageReference section */
		9F01A48E306A22D400A18A16 /* XCRemoteSwiftPackageReference "swift-composable-architecture" */ = {
			isa = XCRemoteSwiftPackageReference;
			repositoryURL = "https://github.com/pointfreeco/swift-composable-architecture";
			requirement = {
				kind = upToNextMajorVersion;
				minimumVersion = 1.26.2;
			};
		};
		9F01A493306A23D300A18A16 /* XCRemoteSwiftPackageReference "swift-dependencies" */ = {
			isa = XCRemoteSwiftPackageReference;
			repositoryURL = "https://github.com/pointfreeco/swift-dependencies";
			requirement = {
				kind = upToNextMajorVersion;
				minimumVersion = 1.17.1;
			};
		};
		9F01A496306A240300A18A16 /* XCRemoteSwiftPackageReference "swift-case-paths" */ = {
			isa = XCRemoteSwiftPackageReference;
			repositoryURL = "https://github.com/pointfreeco/swift-case-paths";
			requirement = {
				kind = upToNextMajorVersion;
				minimumVersion = 1.10.0;
			};
		};
/* End XCRemoteSwiftPackageReference section */

/* Begin XCSwiftPackageProductDependency section */
		9F01A48F306A22D400A18A16 /* ComposableArchitecture */ = {
			isa = XCSwiftPackageProductDependency;
			package = 9F01A48E306A22D400A18A16 /* XCRemoteSwiftPackageReference "swift-composable-architecture" */;
			productName = ComposableArchitecture;
		};
		9F01A494306A23D300A18A16 /* Dependencies */ = {
			isa = XCSwiftPackageProductDependency;
			package = 9F01A493306A23D300A18A16 /* XCRemoteSwiftPackageReference "swift-dependencies" */;
			productName = Dependencies;
		};
		9F01A497306A240300A18A16 /* CasePaths */ = {
			isa = XCSwiftPackageProductDependency;
			package = 9F01A496306A240300A18A16 /* XCRemoteSwiftPackageReference "swift-case-paths" */;
			productName = CasePaths;
		};
/* End XCSwiftPackageProductDependency section */
	};
	rootObject = 9F01A456306A227E00A18A16 /* Project object */;
}
